
Microsoft Visual Studio Solution File, Format Version 12.00
# Visual Studio 14
VisualStudioVersion = 14.0.25123.0
MinimumVisualStudioVersion = 10.0.40219.1
Project("{FAE04EC0-301F-11D3-BF4B-00C04F79EFBC}") = "AuthServer", "AuthServer\AuthServer.csproj", "{0C50478F-5CF4-40FD-9862-E903ADAB27F1}"
	ProjectSection(ProjectDependencies) = postProject
		{011A6ABC-0115-4284-8A8D-CE40E681F883} = {011A6ABC-0115-4284-8A8D-CE40E681F883}
	EndProjectSection
EndProject
Project("{FAE04EC0-301F-11D3-BF4B-00C04F79EFBC}") = "BaseLib", "BaseLib\BaseLib.csproj", "{011A6ABC-0115-4284-8A8D-CE40E681F883}"
EndProject
Project("{FAE04EC0-301F-11D3-BF4B-00C04F79EFBC}") = "GameServer", "GameServer\GameServer.csproj", "{4FD72097-8280-4515-9780-8E61D1B5B614}"
	ProjectSection(ProjectDependencies) = postProject
		{011A6ABC-0115-4284-8A8D-CE40E681F883} = {011A6ABC-0115-4284-8A8D-CE40E681F883}
	EndProjectSection
EndProject
Project("{2150E333-8FDC-42A3-9474-1A3956D46DE8}") = "Servers", "Servers", "{C55BE1D2-307F-4462-A5E1-E5EDC272C678}"
EndProject
Project("{FAE04EC0-301F-11D3-BF4B-00C04F79EFBC}") = "CharServer", "CharServer\CharServer.csproj", "{CC071B08-19C0-4B60-8929-96AC3A5C60A1}"
	ProjectSection(ProjectDependencies) = postProject
		{011A6ABC-0115-4284-8A8D-CE40E681F883} = {011A6ABC-0115-4284-8A8D-CE40E681F883}
	EndProjectSection
EndProject
Project("{FAE04EC0-301F-11D3-BF4B-00C04F79EFBC}") = "CommunityServer", "CommunityServer\CommunityServer.csproj", "{C92BF010-5A51-487C-BC3F-5309F7001D66}"
	ProjectSection(ProjectDependencies) = postProject
		{011A6ABC-0115-4284-8A8D-CE40E681F883} = {011A6ABC-0115-4284-8A8D-CE40E681F883}
	EndProjectSection
EndProject
Global
	GlobalSection(SolutionConfigurationPlatforms) = preSolution
		Debug|Any CPU = Debug|Any CPU
		Debug|Mixed Platforms = Debug|Mixed Platforms
		Debug|x86 = Debug|x86
		Release|Any CPU = Release|Any CPU
		Release|Mixed Platforms = Release|Mixed Platforms
		Release|x86 = Release|x86
	EndGlobalSection
	GlobalSection(ProjectConfigurationPlatforms) = postSolution
		{0C50478F-5CF4-40FD-9862-E903ADAB27F1}.Debug|Any CPU.ActiveCfg = Debug|Any CPU
		{0C50478F-5CF4-40FD-9862-E903ADAB27F1}.Debug|Any CPU.Build.0 = Debug|Any CPU
		{0C50478F-5CF4-40FD-9862-E903ADAB27F1}.Debug|Mixed Platforms.ActiveCfg = Debug|Any CPU
		{0C50478F-5CF4-40FD-9862-E903ADAB27F1}.Debug|Mixed Platforms.Build.0 = Debug|Any CPU
		{0C50478F-5CF4-40FD-9862-E903ADAB27F1}.Debug|x86.ActiveCfg = Debug|Any CPU
		{0C50478F-5CF4-40FD-9862-E903ADAB27F1}.Release|Any CPU.ActiveCfg = Release|Any CPU
		{0C50478F-5CF4-40FD-9862-E903ADAB27F1}.Release|Any CPU.Build.0 = Release|Any CPU
		{0C50478F-5CF4-40FD-9862-E903ADAB27F1}.Release|Mixed Platforms.ActiveCfg = Release|Any CPU
		{0C50478F-5CF4-40FD-9862-E903ADAB27F1}.Release|Mixed Platforms.Build.0 = Release|Any CPU
		{0C50478F-5CF4-40FD-9862-E903ADAB27F1}.Release|x86.ActiveCfg = Release|Any CPU
		{011A6ABC-0115-4284-8A8D-CE40E681F883}.Debug|Any CPU.ActiveCfg = Debug|Any CPU
		{011A6ABC-0115-4284-8A8D-CE40E681F883}.Debug|Any CPU.Build.0 = Debug|Any CPU
		{011A6ABC-0115-4284-8A8D-CE40E681F883}.Debug|Mixed Platforms.ActiveCfg = Debug|Any CPU
		{011A6ABC-0115-4284-8A8D-CE40E681F883}.Debug|Mixed Platforms.Build.0 = Debug|Any CPU
		{011A6ABC-0115-4284-8A8D-CE40E681F883}.Debug|x86.ActiveCfg = Debug|Any CPU
		{011A6ABC-0115-4284-8A8D-CE40E681F883}.Release|Any CPU.ActiveCfg = Release|Any CPU
		{011A6ABC-0115-4284-8A8D-CE40E681F883}.Release|Any CPU.Build.0 = Release|Any CPU
		{011A6ABC-0115-4284-8A8D-CE40E681F883}.Release|Mixed Platforms.ActiveCfg = Release|Any CPU
		{011A6ABC-0115-4284-8A8D-CE40E681F883}.Release|Mixed Platforms.Build.0 = Release|Any CPU
		{011A6ABC-0115-4284-8A8D-CE40E681F883}.Release|x86.ActiveCfg = Release|Any CPU
		{4FD72097-8280-4515-9780-8E61D1B5B614}.Debug|Any CPU.ActiveCfg = Debug|Any CPU
		{4FD72097-8280-4515-9780-8E61D1B5B614}.Debug|Any CPU.Build.0 = Debug|Any CPU
		{4FD72097-8280-4515-9780-8E61D1B5B614}.Debug|Mixed Platforms.ActiveCfg = Debug|Any CPU
		{4FD72097-8280-4515-9780-8E61D1B5B614}.Debug|Mixed Platforms.Build.0 = Debug|Any CPU
		{4FD72097-8280-4515-9780-8E61D1B5B614}.Debug|x86.ActiveCfg = Debug|Any CPU
		{4FD72097-8280-4515-9780-8E61D1B5B614}.Release|Any CPU.ActiveCfg = Release|Any CPU
		{4FD72097-8280-4515-9780-8E61D1B5B614}.Release|Any CPU.Build.0 = Release|Any CPU
		{4FD72097-8280-4515-9780-8E61D1B5B614}.Release|Mixed Platforms.ActiveCfg = Release|Any CPU
		{4FD72097-8280-4515-9780-8E61D1B5B614}.Release|Mixed Platforms.Build.0 = Release|Any CPU
		{4FD72097-8280-4515-9780-8E61D1B5B614}.Release|x86.ActiveCfg = Release|Any CPU
		{CC071B08-19C0-4B60-8929-96AC3A5C60A1}.Debug|Any CPU.ActiveCfg = Debug|Any CPU
		{CC071B08-19C0-4B60-8929-96AC3A5C60A1}.Debug|Any CPU.Build.0 = Debug|Any CPU
		{CC071B08-19C0-4B60-8929-96AC3A5C60A1}.Debug|Mixed Platforms.ActiveCfg = Debug|Any CPU
		{CC071B08-19C0-4B60-8929-96AC3A5C60A1}.Debug|Mixed Platforms.Build.0 = Debug|Any CPU
		{CC071B08-19C0-4B60-8929-96AC3A5C60A1}.Debug|x86.ActiveCfg = Debug|Any CPU
		{CC071B08-19C0-4B60-8929-96AC3A5C60A1}.Release|Any CPU.ActiveCfg = Release|Any CPU
		{CC071B08-19C0-4B60-8929-96AC3A5C60A1}.Release|Any CPU.Build.0 = Release|Any CPU
		{CC071B08-19C0-4B60-8929-96AC3A5C60A1}.Release|Mixed Platforms.ActiveCfg = Release|Any CPU
		{CC071B08-19C0-4B60-8929-96AC3A5C60A1}.Release|Mixed Platforms.Build.0 = Release|Any CPU
		{CC071B08-19C0-4B60-8929-96AC3A5C60A1}.Release|x86.ActiveCfg = Release|Any CPU
		{C92BF010-5A51-487C-BC3F-5309F7001D66}.Debug|Any CPU.ActiveCfg = Debug|Any CPU
		{C92BF010-5A51-487C-BC3F-5309F7001D66}.Debug|Any CPU.Build.0 = Debug|Any CPU
		{C92BF010-5A51-487C-BC3F-5309F7001D66}.Debug|Mixed Platforms.ActiveCfg = Debug|Any CPU
		{C92BF010-5A51-487C-BC3F-5309F7001D66}.Debug|Mixed Platforms.Build.0 = Debug|Any CPU
		{C92BF010-5A51-487C-BC3F-5309F7001D66}.Debug|x86.ActiveCfg = Debug|Any CPU
		{C92BF010-5A51-487C-BC3F-5309F7001D66}.Debug|x86.Build.0 = Debug|Any CPU
		{C92BF010-5A51-487C-BC3F-5309F7001D66}.Release|Any CPU.ActiveCfg = Release|Any CPU
		{C92BF010-5A51-487C-BC3F-5309F7001D66}.Release|Any CPU.Build.0 = Release|Any CPU
		{C92BF010-5A51-487C-BC3F-5309F7001D66}.Release|Mixed Platforms.ActiveCfg = Release|Any CPU
		{C92BF010-5A51-487C-BC3F-5309F7001D66}.Release|Mixed Platforms.Build.0 = Release|Any CPU
		{C92BF010-5A51-487C-BC3F-5309F7001D66}.Release|x86.ActiveCfg = Release|Any CPU
		{C92BF010-5A51-487C-BC3F-5309F7001D66}.Release|x86.Build.0 = Release|Any CPU
	EndGlobalSection
	GlobalSection(SolutionProperties) = preSolution
		HideSolutionNode = FALSE
	EndGlobalSection
	GlobalSection(NestedProjects) = preSolution
		{0C50478F-5CF4-40FD-9862-E903ADAB27F1} = {C55BE1D2-307F-4462-A5E1-E5EDC272C678}
		{4FD72097-8280-4515-9780-8E61D1B5B614} = {C55BE1D2-307F-4462-A5E1-E5EDC272C678}
		{CC071B08-19C0-4B60-8929-96AC3A5C60A1} = {C55BE1D2-307F-4462-A5E1-E5EDC272C678}
		{C92BF010-5A51-487C-BC3F-5309F7001D66} = {C55BE1D2-307F-4462-A5E1-E5EDC272C678}
	EndGlobalSection
EndGlobal
